
Microsoft Visual Studio Solution File, Format Version 12.00
# Visual Studio Version 17
VisualStudioVersion = 17.12.35707.178 d17.12
MinimumVisualStudioVersion = 10.0.40219.1
Project("{FAE04EC0-301F-11D3-BF4B-00C04F79EFBC}") = "Memo", "Memo.csproj", "{9E756108-5CEB-4F40-9C8C-36E986A10AEC}"
EndProject
Global
	GlobalSection(SolutionConfigurationPlatforms) = preSolution
		Debug|Any CPU = Debug|Any CPU
		Release|Any CPU = Release|Any CPU
	EndGlobalSection
	GlobalSection(ProjectConfigurationPlatforms) = postSolution
		{9E756108-5CEB-4F40-9C8C-36E986A10AEC}.Debug|Any CPU.ActiveCfg = Debug|Any CPU
		{9E756108-5CEB-4F40-9C8C-36E986A10AEC}.Debug|Any CPU.Build.0 = Debug|Any CPU
		{9E756108-5CEB-4F40-9C8C-36E986A10AEC}.Release|Any CPU.ActiveCfg = Release|Any CPU
		{9E756108-5CEB-4F40-9C8C-36E986A10AEC}.Release|Any CPU.Build.0 = Release|Any CPU
	EndGlobalSection
	GlobalSection(SolutionProperties) = preSolution
		HideSolutionNode = FALSE
	EndGlobalSection
EndGlobal
